// !$*UTF8*$!
{
	archiveVersion = 1;
	classes = {
	};
	objectVersion = 77;
	objects = {

/* Begin PBXBuildFile section */
		BE18518A2EBD268F00ACF563 /* PostHog in Frameworks */ = {isa = PBXBuildFile; productRef = BE1851892EBD268F00ACF563 /* PostHog */; };
		BE185ABC2EBD369F00ACF563 /* GoogleSignIn in Frameworks */ = {isa = PBXBuildFile; productRef = BE185ABB2EBD369F00ACF563 /* GoogleSignIn */; };
		BE185ABE2EBD369F00ACF563 /* GoogleSignInSwift in Frameworks */ = {isa = PBXBuildFile; productRef = BE185ABD2EBD369F00ACF563 /* GoogleSignInSwift */; };
		BEA903422E92010700592193 /* FirebaseCore in Frameworks */ = {isa = PBXBuildFile; productRef = BEA903412E92010700592193 /* FirebaseCore */; };
		BEA903442E92010700592193 /* FirebaseFirestore in Frameworks */ = {isa = PBXBuildFile; productRef = BEA903432E92010700592193 /* FirebaseFirestore */; };
		BEA903462E92010700592193 /* FirebaseAuth in Frameworks */ = {isa = PBXBuildFile; productRef = BEA903452E92010700592193 /* FirebaseAuth */; };
		BEA903482E92010700592193 /* FirebaseAnalytics in Frameworks */ = {isa = PBXBuildFile; productRef = BEA903472E92010700592193 /* FirebaseAnalytics */; };
		BEA9034A2E92010700592193 /* FirebaseCrashlytics in Frameworks */ = {isa = PBXBuildFile; productRef = BEA903492E92010700592193 /* FirebaseCrashlytics */; };
		BEA9034C2E92010700592193 /* FirebaseRemoteConfig in Frameworks */ = {isa = PBXBuildFile; productRef = BEA9034B2E92010700592193 /* FirebaseRemoteConfig */; };
		BEA9034E2E92010700592193 /* FirebasePerformance in Frameworks */ = {isa = PBXBuildFile; productRef = BEA9034D2E92010700592193 /* FirebasePerformance */; };
		BEA903502E92010700592193 /* FirebaseDynamicLinks in Frameworks */ = {isa = PBXBuildFile; productRef = BEA9034F2E92010700592193 /* FirebaseDynamicLinks */; };
		BEA903522E92010700592193 /* FirebaseStorage in Frameworks */ = {isa = PBXBuildFile; productRef = BEA903512E92010700592193 /* FirebaseStorage */; };
		BEA903542E92010700592193 /* FirebaseInAppMessaging-Beta in Frameworks */ = {isa = PBXBuildFile; productRef = BEA903532E92010700592193 /* FirebaseInAppMessaging-Beta */; };
		BEA903562E92010700592193 /* FirebaseAppCheck in Frameworks */ = {isa = PBXBuildFile; productRef = BEA903552E92010700592193 /* FirebaseAppCheck */; };
		BEA903582E92010700592193 /* FirebaseMessaging in Frameworks */ = {isa = PBXBuildFile; productRef = BEA903572E92010700592193 /* FirebaseMessaging */; };
/* End PBXBuildFile section */

/* Begin PBXFileReference section */
		BEA903102E91737100592193 /* Movie Club Cafe.app */ = {isa = PBXFileReference; explicitFileType = wrapper.application; includeInIndex = 0; path = "Movie Club Cafe.app"; sourceTree = BUILT_PRODUCTS_DIR; };
/* End PBXFileReference section */

/* Begin PBXFileSystemSynchronizedRootGroup section */
		BEA903122E91737100592193 /* Movie Club Cafe */ = {
			isa = PBXFileSystemSynchronizedRootGroup;
			path = "Movie Club Cafe";
			sourceTree = "<group>";
		};
/* End PBXFileSystemSynchronizedRootGroup section */

/* Begin PBXFrameworksBuildPhase section */
		BEA9030D2E91737100592193 /* Frameworks */ = {
			isa = PBXFrameworksBuildPhase;
			buildActionMask = 2147483647;
			files = (
				BEA903422E92010700592193 /* FirebaseCore in Frameworks */,
				BEA903442E92010700592193 /* FirebaseFirestore in Frameworks */,
				BEA903462E92010700592193 /* FirebaseAuth in Frameworks */,
				BEA903482E92010700592193 /* FirebaseAnalytics in Frameworks */,
				BEA9034A2E92010700592193 /* FirebaseCrashlytics in Frameworks */,
				BEA9034C2E92010700592193 /* FirebaseRemoteConfig in Frameworks */,
				BEA9034E2E92010700592193 /* FirebasePerformance in Frameworks */,
				BEA903502E92010700592193 /* FirebaseDynamicLinks in Frameworks */,
				BEA903522E92010700592193 /* FirebaseStorage in Frameworks */,
				BEA903542E92010700592193 /* FirebaseInAppMessaging-Beta in Frameworks */,
				BEA903562E92010700592193 /* FirebaseAppCheck in Frameworks */,
				BEA903582E92010700592193 /* FirebaseMessaging in Frameworks */,
				BE18518A2EBD268F00ACF563 /* PostHog in Frameworks */,
				BE185ABC2EBD369F00ACF563 /* GoogleSignIn in Frameworks */,
				BE185ABE2EBD369F00ACF563 /* GoogleSignInSwift in Frameworks */,
			);
			runOnlyForDeploymentPostprocessing = 0;
		};
/* End PBXFrameworksBuildPhase section */

/* Begin PBXGroup section */
		BEA903072E91737100592193 = {
			isa = PBXGroup;
			children = (
				BEA903122E91737100592193 /* Movie Club Cafe */,
				BEA903112E91737100592193 /* Products */,
			);
			sourceTree = "<group>";
		};
		BEA903112E91737100592193 /* Products */ = {
			isa = PBXGroup;
			children = (
				BEA903102E91737100592193 /* Movie Club Cafe.app */,
			);
			name = Products;
			sourceTree = "<group>";
		};
/* End PBXGroup section */

/* Begin PBXNativeTarget section */
		BEA9030F2E91737100592193 /* Movie Club Cafe */ = {
			isa = PBXNativeTarget;
			buildConfigurationList = BEA9031B2E91737200592193 /* Build configuration list for PBXNativeTarget "Movie Club Cafe" */;
			buildPhases = (
				BEA9030C2E91737100592193 /* Sources */,
				BEA9030D2E91737100592193 /* Frameworks */,
				BEA9030E2E91737100592193 /* Resources */,
			);
			buildRules = (
			);
			dependencies = (
			);
			fileSystemSynchronizedGroups = (
				BEA903122E91737100592193 /* Movie Club Cafe */,
			);
			name = "Movie Club Cafe";
			packageProductDependencies = (
				BEA903412E92010700592193 /* FirebaseCore */,
				BEA903432E92010700592193 /* FirebaseFirestore */,
				BEA903452E92010700592193 /* FirebaseAuth */,
				BEA903472E92010700592193 /* FirebaseAnalytics */,
				BEA903492E92010700592193 /* FirebaseCrashlytics */,
				BEA9034B2E92010700592193 /* FirebaseRemoteConfig */,
				BEA9034D2E92010700592193 /* FirebasePerformance */,
				BEA9034F2E92010700592193 /* FirebaseDynamicLinks */,
				BEA903512E92010700592193 /* FirebaseStorage */,
				BEA903532E92010700592193 /* FirebaseInAppMessaging-Beta */,
				BEA903552E92010700592193 /* FirebaseAppCheck */,
				BEA903572E92010700592193 /* FirebaseMessaging */,
				BE1851892EBD268F00ACF563 /* PostHog */,
				BE185ABB2EBD369F00ACF563 /* GoogleSignIn */,
				BE185ABD2EBD369F00ACF563 /* GoogleSignInSwift */,
			);
			productName = "Movie Club Cafe";
			productReference = BEA903102E91737100592193 /* Movie Club Cafe.app */;
			productType = "com.apple.product-type.application";
		};
/* End PBXNativeTarget section */

/* Begin PBXProject section */
		BEA903082E91737100592193 /* Project object */ = {
			isa = PBXProject;
			attributes = {
				BuildIndependentTargetsInParallel = 1;
				LastSwiftUpdateCheck = 2600;
				LastUpgradeCheck = 2600;
				TargetAttributes = {
					BEA9030F2E91737100592193 = {
						CreatedOnToolsVersion = 26.0.1;
					};
				};
			};
			buildConfigurationList = BEA9030B2E91737100592193 /* Build configuration list for PBXProject "Movie Club Cafe" */;
			developmentRegion = en;
			hasScannedForEncodings = 0;
			knownRegions = (
				en,
				Base,
			);
			mainGroup = BEA903072E91737100592193;
			minimizedProjectReferenceProxies = 1;
			packageReferences = (
				BEA903402E92010700592193 /* XCRemoteSwiftPackageReference "firebase-ios-sdk" */,
				BE1851882EBD268F00ACF563 /* XCRemoteSwiftPackageReference "posthog-ios" */,
				BE185ABA2EBD369F00ACF563 /* XCRemoteSwiftPackageReference "GoogleSignIn-iOS" */,
			);
			preferredProjectObjectVersion = 77;
			productRefGroup = BEA903112E91737100592193 /* Products */;
			projectDirPath = "";
			projectRoot = "";
			targets = (
				BEA9030F2E91737100592193 /* Movie Club Cafe */,
			);
		};
/* End PBXProject section */

/* Begin PBXResourcesBuildPhase section */
		BEA9030E2E91737100592193 /* Resources */ = {
			isa = PBXResourcesBuildPhase;
			buildActionMask = 2147483647;
			files = (
			);
			runOnlyForDeploymentPostprocessing = 0;
		};
/* End PBXResourcesBuildPhase section */

/* Begin PBXSourcesBuildPhase section */
		BEA9030C2E91737100592193 /* Sources */ = {
			isa = PBXSourcesBuildPhase;
			buildActionMask = 2147483647;
			files = (
			);
			runOnlyForDeploymentPostprocessing = 0;
		};
/* End PBXSourcesBuildPhase section */

/* Begin XCBuildConfiguration section */
		BEA903192E91737200592193 /* Debug */ = {
			isa = XCBuildConfiguration;
			buildSettings = {
				ALWAYS_SEARCH_USER_PATHS = NO;
				ASSETCATALOG_COMPILER_GENERATE_SWIFT_ASSET_SYMBOL_EXTENSIONS = YES;
				CLANG_ANALYZER_NONNULL = YES;
				CLANG_ANALYZER_NUMBER_OBJECT_CONVERSION = YES_AGGRESSIVE;
				CLANG_CXX_LANGUAGE_STANDARD = "gnu++20";
				CLANG_ENABLE_MODULES = YES;
				CLANG_ENABLE_OBJC_ARC = YES;
				CLANG_ENABLE_OBJC_WEAK = YES;
				CLANG_WARN_BLOCK_CAPTURE_AUTORELEASING = YES;
				CLANG_WARN_BOOL_CONVERSION = YES;
				CLANG_WARN_COMMA = YES;
				CLANG_WARN_CONSTANT_CONVERSION = YES;
				CLANG_WARN_DEPRECATED_OBJC_IMPLEMENTATIONS = YES;
				CLANG_WARN_DIRECT_OBJC_ISA_USAGE = YES_ERROR;
				CLANG_WARN_DOCUMENTATION_COMMENTS = YES;
				CLANG_WARN_EMPTY_BODY = YES;
				CLANG_WARN_ENUM_CONVERSION = YES;
				CLANG_WARN_INFINITE_RECURSION = YES;
				CLANG_WARN_INT_CONVERSION = YES;
				CLANG_WARN_NON_LITERAL_NULL_CONVERSION = YES;
				CLANG_WARN_OBJC_IMPLICIT_RETAIN_SELF = YES;
				CLANG_WARN_OBJC_LITERAL_CONVERSION = YES;
				CLANG_WARN_OBJC_ROOT_CLASS = YES_ERROR;
				CLANG_WARN_QUOTED_INCLUDE_IN_FRAMEWORK_HEADER = YES;
				CLANG_WARN_RANGE_LOOP_ANALYSIS = YES;
				CLANG_WARN_STRICT_PROTOTYPES = YES;
				CLANG_WARN_SUSPICIOUS_MOVE = YES;
				CLANG_WARN_UNGUARDED_AVAILABILITY = YES_AGGRESSIVE;
				CLANG_WARN_UNREACHABLE_CODE = YES;
				CLANG_WARN__DUPLICATE_METHOD_MATCH = YES;
				COPY_PHASE_STRIP = NO;
				DEBUG_INFORMATION_FORMAT = dwarf;
				DEVELOPMENT_TEAM = E2L636Z97D;
				ENABLE_STRICT_OBJC_MSGSEND = YES;
				ENABLE_TESTABILITY = YES;
				ENABLE_USER_SCRIPT_SANDBOXING = YES;
				GCC_C_LANGUAGE_STANDARD = gnu17;
				GCC_DYNAMIC_NO_PIC = NO;
				GCC_NO_COMMON_BLOCKS = YES;
				GCC_OPTIMIZATION_LEVEL = 0;
				GCC_PREPROCESSOR_DEFINITIONS = (
					"DEBUG=1",
					"$(inherited)",
				);
				GCC_WARN_64_TO_32_BIT_CONVERSION = YES;
				GCC_WARN_ABOUT_RETURN_TYPE = YES_ERROR;
				GCC_WARN_UNDECLARED_SELECTOR = YES;
				GCC_WARN_UNINITIALIZED_AUTOS = YES_AGGRESSIVE;
				GCC_WARN_UNUSED_FUNCTION = YES;
				GCC_WARN_UNUSED_VARIABLE = YES;
				LOCALIZATION_PREFERS_STRING_CATALOGS = YES;
				MTL_ENABLE_DEBUG_INFO = INCLUDE_SOURCE;
				MTL_FAST_MATH = YES;
				ONLY_ACTIVE_ARCH = YES;
				SWIFT_ACTIVE_COMPILATION_CONDITIONS = "DEBUG $(inherited)";
				SWIFT_OPTIMIZATION_LEVEL = "-Onone";
			};
			name = Debug;
		};
		BEA9031A2E91737200592193 /* Release */ = {
			isa = XCBuildConfiguration;
			buildSettings = {
				ALWAYS_SEARCH_USER_PATHS = NO;
				ASSETCATALOG_COMPILER_GENERATE_SWIFT_ASSET_SYMBOL_EXTENSIONS = YES;
				CLANG_ANALYZER_NONNULL = YES;
				CLANG_ANALYZER_NUMBER_OBJECT_CONVERSION = YES_AGGRESSIVE;
				CLANG_CXX_LANGUAGE_STANDARD = "gnu++20";
				CLANG_ENABLE_MODULES = YES;
				CLANG_ENABLE_OBJC_ARC = YES;
				CLANG_ENABLE_OBJC_WEAK = YES;
				CLANG_WARN_BLOCK_CAPTURE_AUTORELEASING = YES;
				CLANG_WARN_BOOL_CONVERSION = YES;
				CLANG_WARN_COMMA = YES;
				CLANG_WARN_CONSTANT_CONVERSION = YES;
				CLANG_WARN_DEPRECATED_OBJC_IMPLEMENTATIONS = YES;
				CLANG_WARN_DIRECT_OBJC_ISA_USAGE = YES_ERROR;
				CLANG_WARN_DOCUMENTATION_COMMENTS = YES;
				CLANG_WARN_EMPTY_BODY = YES;
				CLANG_WARN_ENUM_CONVERSION = YES;
				CLANG_WARN_INFINITE_RECURSION = YES;
				CLANG_WARN_INT_CONVERSION = YES;
				CLANG_WARN_NON_LITERAL_NULL_CONVERSION = YES;
				CLANG_WARN_OBJC_IMPLICIT_RETAIN_SELF = YES;
				CLANG_WARN_OBJC_LITERAL_CONVERSION = YES;
				CLANG_WARN_OBJC_ROOT_CLASS = YES_ERROR;
				CLANG_WARN_QUOTED_INCLUDE_IN_FRAMEWORK_HEADER = YES;
				CLANG_WARN_RANGE_LOOP_ANALYSIS = YES;
				CLANG_WARN_STRICT_PROTOTYPES = YES;
				CLANG_WARN_SUSPICIOUS_MOVE = YES;
				CLANG_WARN_UNGUARDED_AVAILABILITY = YES_AGGRESSIVE;
				CLANG_WARN_UNREACHABLE_CODE = YES;
				CLANG_WARN__DUPLICATE_METHOD_MATCH = YES;
				COPY_PHASE_STRIP = NO;
				DEBUG_INFORMATION_FORMAT = "dwarf-with-dsym";
				DEVELOPMENT_TEAM = E2L636Z97D;
				ENABLE_NS_ASSERTIONS = NO;
				ENABLE_STRICT_OBJC_MSGSEND = YES;
				ENABLE_USER_SCRIPT_SANDBOXING = YES;
				GCC_C_LANGUAGE_STANDARD = gnu17;
				GCC_NO_COMMON_BLOCKS = YES;
				GCC_WARN_64_TO_32_BIT_CONVERSION = YES;
				GCC_WARN_ABOUT_RETURN_TYPE = YES_ERROR;
				GCC_WARN_UNDECLARED_SELECTOR = YES;
				GCC_WARN_UNINITIALIZED_AUTOS = YES_AGGRESSIVE;
				GCC_WARN_UNUSED_FUNCTION = YES;
				GCC_WARN_UNUSED_VARIABLE = YES;
				LOCALIZATION_PREFERS_STRING_CATALOGS = YES;
				MTL_ENABLE_DEBUG_INFO = NO;
				MTL_FAST_MATH = YES;
				SWIFT_COMPILATION_MODE = wholemodule;
			};
			name = Release;
		};
		BEA9031C2E91737200592193 /* Debug */ = {
			isa = XCBuildConfiguration;
			buildSettings = {
				ASSETCATALOG_COMPILER_APPICON_NAME = AppIcon;
				ASSETCATALOG_COMPILER_GLOBAL_ACCENT_COLOR_NAME = AccentColor;
				CODE_SIGN_ENTITLEMENTS = "Movie Club Cafe/Movie Club Cafe.entitlements";
				CODE_SIGN_STYLE = Automatic;
				CURRENT_PROJECT_VERSION = 1;
				DEVELOPMENT_TEAM = E2L636Z97D;
				ENABLE_APP_SANDBOX = YES;
				ENABLE_HARDENED_RUNTIME = YES;
				ENABLE_PREVIEWS = YES;
				ENABLE_USER_SELECTED_FILES = readonly;
				GENERATE_INFOPLIST_FILE = YES;
				INFOPLIST_FILE = "Movie-Club-Cafe-Info.plist";
				"INFOPLIST_KEY_UIApplicationSceneManifest_Generation[sdk=iphoneos*]" = YES;
				"INFOPLIST_KEY_UIApplicationSceneManifest_Generation[sdk=iphonesimulator*]" = YES;
				"INFOPLIST_KEY_UIApplicationSupportsIndirectInputEvents[sdk=iphoneos*]" = YES;
				"INFOPLIST_KEY_UIApplicationSupportsIndirectInputEvents[sdk=iphonesimulator*]" = YES;
				"INFOPLIST_KEY_UILaunchScreen_Generation[sdk=iphoneos*]" = YES;
				"INFOPLIST_KEY_UILaunchScreen_Generation[sdk=iphonesimulator*]" = YES;
				"INFOPLIST_KEY_UIStatusBarStyle[sdk=iphoneos*]" = UIStatusBarStyleDefault;
				"INFOPLIST_KEY_UIStatusBarStyle[sdk=iphonesimulator*]" = UIStatusBarStyleDefault;
				INFOPLIST_KEY_UISupportedInterfaceOrientations_iPad = "UIInterfaceOrientationPortrait UIInterfaceOrientationPortraitUpsideDown UIInterfaceOrientationLandscapeLeft UIInterfaceOrientationLandscapeRight";
				INFOPLIST_KEY_UISupportedInterfaceOrientations_iPhone = "UIInterfaceOrientationPortrait UIInterfaceOrientationLandscapeLeft UIInterfaceOrientationLandscapeRight";
				IPHONEOS_DEPLOYMENT_TARGET = 26.0;
				LD_RUNPATH_SEARCH_PATHS = "@executable_path/Frameworks";
				"LD_RUNPATH_SEARCH_PATHS[sdk=macosx*]" = "@executable_path/../Frameworks";
				MACOSX_DEPLOYMENT_TARGET = 26.0;
				MARKETING_VERSION = 1.0;
				PRODUCT_BUNDLE_IDENTIFIER = "com.akogarecafe.Movie-Club-Cafe";
				PRODUCT_NAME = "$(TARGET_NAME)";
				REGISTER_APP_GROUPS = YES;
				SDKROOT = auto;
				STRING_CATALOG_GENERATE_SYMBOLS = YES;
				SUPPORTED_PLATFORMS = "iphoneos iphonesimulator macosx xros xrsimulator";
				SWIFT_APPROACHABLE_CONCURRENCY = YES;
				SWIFT_DEFAULT_ACTOR_ISOLATION = MainActor;
				SWIFT_EMIT_LOC_STRINGS = YES;
				SWIFT_UPCOMING_FEATURE_MEMBER_IMPORT_VISIBILITY = YES;
				SWIFT_VERSION = 5.0;
				TARGETED_DEVICE_FAMILY = "1,2,7";
				XROS_DEPLOYMENT_TARGET = 26.0;
			};
			name = Debug;
		};
		BEA9031D2E91737200592193 /* Release */ = {
			isa = XCBuildConfiguration;
			buildSettings = {
				ASSETCATALOG_COMPILER_APPICON_NAME = AppIcon;
				ASSETCATALOG_COMPILER_GLOBAL_ACCENT_COLOR_NAME = AccentColor;
				CODE_SIGN_ENTITLEMENTS = "Movie Club Cafe/Movie Club Cafe.entitlements";
				CODE_SIGN_STYLE = Automatic;
				CURRENT_PROJECT_VERSION = 1;
				DEVELOPMENT_TEAM = E2L636Z97D;
				ENABLE_APP_SANDBOX = YES;
				ENABLE_HARDENED_RUNTIME = YES;
				ENABLE_PREVIEWS = YES;
				ENABLE_USER_SELECTED_FILES = readonly;
				GENERATE_INFOPLIST_FILE = YES;
				INFOPLIST_FILE = "Movie-Club-Cafe-Info.plist";
				"INFOPLIST_KEY_UIApplicationSceneManifest_Generation[sdk=iphoneos*]" = YES;
				"INFOPLIST_KEY_UIApplicationSceneManifest_Generation[sdk=iphonesimulator*]" = YES;
				"INFOPLIST_KEY_UIApplicationSupportsIndirectInputEvents[sdk=iphoneos*]" = YES;
				"INFOPLIST_KEY_UIApplicationSupportsIndirectInputEvents[sdk=iphonesimulator*]" = YES;
				"INFOPLIST_KEY_UILaunchScreen_Generation[sdk=iphoneos*]" = YES;
				"INFOPLIST_KEY_UILaunchScreen_Generation[sdk=iphonesimulator*]" = YES;
				"INFOPLIST_KEY_UIStatusBarStyle[sdk=iphoneos*]" = UIStatusBarStyleDefault;
				"INFOPLIST_KEY_UIStatusBarStyle[sdk=iphonesimulator*]" = UIStatusBarStyleDefault;
				INFOPLIST_KEY_UISupportedInterfaceOrientations_iPad = "UIInterfaceOrientationPortrait UIInterfaceOrientationPortraitUpsideDown UIInterfaceOrientationLandscapeLeft UIInterfaceOrientationLandscapeRight";
				INFOPLIST_KEY_UISupportedInterfaceOrientations_iPhone = "UIInterfaceOrientationPortrait UIInterfaceOrientationLandscapeLeft UIInterfaceOrientationLandscapeRight";
				IPHONEOS_DEPLOYMENT_TARGET = 26.0;
				LD_RUNPATH_SEARCH_PATHS = "@executable_path/Frameworks";
				"LD_RUNPATH_SEARCH_PATHS[sdk=macosx*]" = "@executable_path/../Frameworks";
				MACOSX_DEPLOYMENT_TARGET = 26.0;
				MARKETING_VERSION = 1.0;
				PRODUCT_BUNDLE_IDENTIFIER = "com.akogarecafe.Movie-Club-Cafe";
				PRODUCT_NAME = "$(TARGET_NAME)";
				REGISTER_APP_GROUPS = YES;
				SDKROOT = auto;
				STRING_CATALOG_GENERATE_SYMBOLS = YES;
				SUPPORTED_PLATFORMS = "iphoneos iphonesimulator macosx xros xrsimulator";
				SWIFT_APPROACHABLE_CONCURRENCY = YES;
				SWIFT_DEFAULT_ACTOR_ISOLATION = MainActor;
				SWIFT_EMIT_LOC_STRINGS = YES;
				SWIFT_UPCOMING_FEATURE_MEMBER_IMPORT_VISIBILITY = YES;
				SWIFT_VERSION = 5.0;
				TARGETED_DEVICE_FAMILY = "1,2,7";
				XROS_DEPLOYMENT_TARGET = 26.0;
			};
			name = Release;
		};
/* End XCBuildConfiguration section */

/* Begin XCConfigurationList section */
		BEA9030B2E91737100592193 /* Build configuration list for PBXProject "Movie Club Cafe" */ = {
			isa = XCConfigurationList;
			buildConfigurations = (
				BEA903192E91737200592193 /* Debug */,
				BEA9031A2E91737200592193 /* Release */,
			);
			defaultConfigurationIsVisible = 0;
			defaultConfigurationName = Release;
		};
		BEA9031B2E91737200592193 /* Build configuration list for PBXNativeTarget "Movie Club Cafe" */ = {
			isa = XCConfigurationList;
			buildConfigurations = (
				BEA9031C2E91737200592193 /* Debug */,
				BEA9031D2E91737200592193 /* Release */,
			);
			defaultConfigurationIsVisible = 0;
			defaultConfigurationName = Release;
		};
/* End XCConfigurationList section */

/* Begin XCRemoteSwiftPackageReference section */
		BE1851882EBD268F00ACF563 /* XCRemoteSwiftPackageReference "posthog-ios" */ = {
			isa = XCRemoteSwiftPackageReference;
			repositoryURL = "https://github.com/PostHog/posthog-ios.git";
			requirement = {
				kind = upToNextMajorVersion;
				minimumVersion = 3.34.0;
			};
		};
		BE185ABA2EBD369F00ACF563 /* XCRemoteSwiftPackageReference "GoogleSignIn-iOS" */ = {
			isa = XCRemoteSwiftPackageReference;
			repositoryURL = "https://github.com/google/GoogleSignIn-iOS";
			requirement = {
				kind = upToNextMajorVersion;
				minimumVersion = 8.0.0;
			};
		};
		BEA903402E92010700592193 /* XCRemoteSwiftPackageReference "firebase-ios-sdk" */ = {
			isa = XCRemoteSwiftPackageReference;
			repositoryURL = "https://github.com/firebase/firebase-ios-sdk";
			requirement = {
				kind = upToNextMajorVersion;
				minimumVersion = 12.3.0;
			};
		};
/* End XCRemoteSwiftPackageReference section */

/* Begin XCSwiftPackageProductDependency section */
		BE1851892EBD268F00ACF563 /* PostHog */ = {
			isa = XCSwiftPackageProductDependency;
			package = BE1851882EBD268F00ACF563 /* XCRemoteSwiftPackageReference "posthog-ios" */;
			productName = PostHog;
		};
		BE185ABB2EBD369F00ACF563 /* GoogleSignIn */ = {
			isa = XCSwiftPackageProductDependency;
			package = BE185ABA2EBD369F00ACF563 /* XCRemoteSwiftPackageReference "GoogleSignIn-iOS" */;
			productName = GoogleSignIn;
		};
		BE185ABD2EBD369F00ACF563 /* GoogleSignInSwift */ = {
			isa = XCSwiftPackageProductDependency;
			package = BE185ABA2EBD369F00ACF563 /* XCRemoteSwiftPackageReference "GoogleSignIn-iOS" */;
			productName = GoogleSignInSwift;
		};
		BEA903412E92010700592193 /* FirebaseCore */ = {
			isa = XCSwiftPackageProductDependency;
			package = BEA903402E92010700592193 /* XCRemoteSwiftPackageReference "firebase-ios-sdk" */;
			productName = FirebaseCore;
		};
		BEA903432E92010700592193 /* FirebaseFirestore */ = {
			isa = XCSwiftPackageProductDependency;
			package = BEA903402E92010700592193 /* XCRemoteSwiftPackageReference "firebase-ios-sdk" */;
			productName = FirebaseFirestore;
		};
		BEA903452E92010700592193 /* FirebaseAuth */ = {
			isa = XCSwiftPackageProductDependency;
			package = BEA903402E92010700592193 /* XCRemoteSwiftPackageReference "firebase-ios-sdk" */;
			productName = FirebaseAuth;
		};
		BEA903472E92010700592193 /* FirebaseAnalytics */ = {
			isa = XCSwiftPackageProductDependency;
			package = BEA903402E92010700592193 /* XCRemoteSwiftPackageReference "firebase-ios-sdk" */;
			productName = FirebaseAnalytics;
		};
		BEA903492E92010700592193 /* FirebaseCrashlytics */ = {
			isa = XCSwiftPackageProductDependency;
			package = BEA903402E92010700592193 /* XCRemoteSwiftPackageReference "firebase-ios-sdk" */;
			productName = FirebaseCrashlytics;
		};
		BEA9034B2E92010700592193 /* FirebaseRemoteConfig */ = {
			isa = XCSwiftPackageProductDependency;
			package = BEA903402E92010700592193 /* XCRemoteSwiftPackageReference "firebase-ios-sdk" */;
			productName = FirebaseRemoteConfig;
		};
		BEA9034D2E92010700592193 /* FirebasePerformance */ = {
			isa = XCSwiftPackageProductDependency;
			package = BEA903402E92010700592193 /* XCRemoteSwiftPackageReference "firebase-ios-sdk" */;
			productName = FirebasePerformance;
		};
		BEA9034F2E92010700592193 /* FirebaseDynamicLinks */ = {
			isa = XCSwiftPackageProductDependency;
			package = BEA903402E92010700592193 /* XCRemoteSwiftPackageReference "firebase-ios-sdk" */;
			productName = FirebaseDynamicLinks;
		};
		BEA903512E92010700592193 /* FirebaseStorage */ = {
			isa = XCSwiftPackageProductDependency;
			package = BEA903402E92010700592193 /* XCRemoteSwiftPackageReference "firebase-ios-sdk" */;
			productName = FirebaseStorage;
		};
		BEA903532E92010700592193 /* FirebaseInAppMessaging-Beta */ = {
			isa = XCSwiftPackageProductDependency;
			package = BEA903402E92010700592193 /* XCRemoteSwiftPackageReference "firebase-ios-sdk" */;
			productName = "FirebaseInAppMessaging-Beta";
		};
		BEA903552E92010700592193 /* FirebaseAppCheck */ = {
			isa = XCSwiftPackageProductDependency;
			package = BEA903402E92010700592193 /* XCRemoteSwiftPackageReference "firebase-ios-sdk" */;
			productName = FirebaseAppCheck;
		};
		BEA903572E92010700592193 /* FirebaseMessaging */ = {
			isa = XCSwiftPackageProductDependency;
			package = BEA903402E92010700592193 /* XCRemoteSwiftPackageReference "firebase-ios-sdk" */;
			productName = FirebaseMessaging;
		};
/* End XCSwiftPackageProductDependency section */
	};
	rootObject = BEA903082E91737100592193 /* Project object */;
}
